hash: 3f863a94933f8ca189c73e35b2edd7e3038af2573943d8519542b6e83d37baf9
updated: 2017-06-23T01:04:36.173988525+02:00
imports:
- name: github.com/airbrake/gobrake
  version: 3e9a4999b0371bf26c63fda81cc849383919b3da
- name: github.com/beorn7/perks
  version: 4c0e84591b9aa9e6dcfdf3e020114cd81f89d5f9
  subpackages:
  - quantile
- name: github.com/fluent/fluent-logger-golang
  version: 28bdb662295c1b7aca09c1a4edbf9430010775a9
  subpackages:
  - fluent
- name: github.com/golang/protobuf
  version: 6a1fa9404c0aebf36c879bc50152edcc953910d2
  subpackages:
  - proto
- name: github.com/goph/emperror
  version: 13dfdf50f95fa8839424b75198b8a95d7f4d60e9
  subpackages:
  - airbrake
- name: github.com/goph/healthz
  version: 571dac1216f2f4f920458b3b93f5835ec1bd35c6
- name: github.com/goph/log
  version: 1b969ab1abaaa3abca24d3fae37395b15bbf8be5
  subpackages:
  - logrus
  - logrus/hooks/fluent
- name: github.com/goph/serverz
  version: 3c459b6f542fd43aa376e3d47029992e469f2ceb
- name: github.com/goph/stdlib
  version: 71b7a6837095932e17a2a28264fd71d3a56083a1
  subpackages:
  - errors
  - ext
- name: github.com/kelseyhightower/envconfig
  version: f611eb38b3875cc3bd991ca91c51d06446afa14c
- name: github.com/matttproud/golang_protobuf_extensions
  version: c12348ce28de40eed0136aa2b644d0ee0650e56c
  subpackages:
  - pbutil
- name: github.com/opentracing/opentracing-go
  version: 1949ddbfd147afd4d964a9f00b24eb291e0e7c38
  subpackages:
  - log
- name: github.com/philhofer/fwd
  version: 1612a298117663d7bc9a760ae20d383413859798
- name: github.com/prometheus/client_golang
  version: c5b7fccd204277076155f10851dad72b76a49317
  subpackages:
  - prometheus
  - prometheus/promhttp
- name: github.com/prometheus/client_model
  version: 6f3806018612930941127f2a7c6c453ba2c527d2
  subpackages:
  - go
- name: github.com/prometheus/common
  version: 0866df4b85a18d652b6965be022d007cdf076822
  subpackages:
  - expfmt
  - internal/bitbucket.org/ww/goautoneg
  - model
- name: github.com/prometheus/procfs
  version: 822d4a1f8edcbcbc71e8d1fd6527b12331a6d0ad
  subpackages:
  - xfs
- name: github.com/sirupsen/logrus
  version: 202f25545ea4cf9b191ff7f846df5d87c9382c2b
- name: github.com/tinylib/msgp
  version: 02d047e07459c5a7b02b1244161d0f2f6d8f660d
  subpackages:
  - msgp
- name: golang.org/x/net
  version: 057a25b06247e0c51ba15d8ae475feb2fcb72164
  subpackages:
  - context
  - internal/timeseries
  - trace
- name: golang.org/x/sys
  version: fb4cac33e3196ff7f507ab9b2d2a44b0142f5b5a
  subpackages:
  - unix
testImports:
- name: github.com/DATA-DOG/godog
  version: 92fbee719c9593813b24a6ef042bcad40324ede4
  subpackages:
  - colors
  - gherkin
