hash: 00bee9f3a84c4498922cbea6eb96191c3faae1c3ca16ed7255b6058b1f1535ce
updated: 2017-07-06T00:21:10.172393785+02:00
imports:
- name: github.com/go-kit/kit
  version: a9ca6725cbbea455e61c6bc8a1ed28e81eb3493b
  subpackages:
  - log
  - log/level
- name: github.com/go-logfmt/logfmt
  version: 390ab7935ee28ec6b286364bba9b4dd6410cb3d5
- name: github.com/go-stack/stack
  version: 7a2f19628aabfe68f0766b59e74d6315f8347d22
- name: github.com/goph/emperror
  version: c6b285b0497b09cc78d555f89eefc8815f2d4c45
- name: github.com/goph/healthz
  version: 571dac1216f2f4f920458b3b93f5835ec1bd35c6
- name: github.com/goph/log
  version: a2cdc6838c8fc6808cb719ce2eefbfb45315da53
- name: github.com/goph/serverz
  version: 5156db1eb65ea803c86941fe5170edfa65d76d6d
  subpackages:
  - aio
  - internal/errors
  - internal/ext
  - named
- name: github.com/goph/stdlib
  version: e9f467be97d46b5f96731ac084856cf4dc9925d5
  subpackages:
  - errors
  - ext
- name: github.com/kelseyhightower/envconfig
  version: f611eb38b3875cc3bd991ca91c51d06446afa14c
- name: github.com/kr/logfmt
  version: b84e30acd515aadc4b783ad4ff83aff3299bdfe0
- name: github.com/opentracing/opentracing-go
  version: 1949ddbfd147afd4d964a9f00b24eb291e0e7c38
  subpackages:
  - log
- name: github.com/uber-go/tally
  version: 88e9c75b0cfc84139ad1bae3b7f123786cfd0770
- name: golang.org/x/net
  version: 5f8847ae0d0e90b6a9dc8148e7ad616874625171
  subpackages:
  - context
  - internal/timeseries
  - trace
testImports:
- name: github.com/DATA-DOG/godog
  version: 70f777599da0f5de682b8848d356611c1738b695
  subpackages:
  - colors
  - gherkin
